// !$*UTF8*$!
{
	archiveVersion = 1;
	classes = {
	};
	objectVersion = 46;
	objects = {

/* Begin PBXBuildFile section */
		74C322D5207FBB6A82B2638F /* Pods_Groceries.framework in Frameworks */ = {isa = PBXBuildFile; fileRef = 84D7B64F872AA4B46D163E74 /* Pods_Groceries.framework */; };
		88EFF30F1E53D9F0003E1610 /* AppDelegate.swift in Sources */ = {isa = PBXBuildFile; fileRef = 88EFF30E1E53D9F0003E1610 /* AppDelegate.swift */; };
		88EFF3111E53D9F0003E1610 /* ViewController.swift in Sources */ = {isa = PBXBuildFile; fileRef = 88EFF3101E53D9F0003E1610 /* ViewController.swift */; };
		88EFF3141E53D9F0003E1610 /* Main.storyboard in Resources */ = {isa = PBXBuildFile; fileRef = 88EFF3121E53D9F0003E1610 /* Main.storyboard */; };
		88EFF3161E53D9F0003E1610 /* Assets.xcassets in Resources */ = {isa = PBXBuildFile; fileRef = 88EFF3151E53D9F0003E1610 /* Assets.xcassets */; };
		88EFF3191E53D9F0003E1610 /* LaunchScreen.storyboard in Resources */ = {isa = PBXBuildFile; fileRef = 88EFF3171E53D9F0003E1610 /* LaunchScreen.storyboard */; };
		88EFF3211E53DDA7003E1610 /* GroceryItem.swift in Sources */ = {isa = PBXBuildFile; fileRef = 88EFF3201E53DDA7003E1610 /* GroceryItem.swift */; };
		88EFF3231E53E883003E1610 /* EditGroceryItemViewController.swift in Sources */ = {isa = PBXBuildFile; fileRef = 88EFF3221E53E883003E1610 /* EditGroceryItemViewController.swift */; };
/* End PBXBuildFile section */

/* Begin PBXFileReference section */
		84D7B64F872AA4B46D163E74 /* Pods_Groceries.framework */ = {isa = PBXFileReference; explicitFileType = wrapper.framework; includeInIndex = 0; path = Pods_Groceries.framework; sourceTree = BUILT_PRODUCTS_DIR; };
		88EFF30B1E53D9F0003E1610 /* Groceries.app */ = {isa = PBXFileReference; explicitFileType = wrapper.application; includeInIndex = 0; path = Groceries.app; sourceTree = BUILT_PRODUCTS_DIR; };
		88EFF30E1E53D9F0003E1610 /* AppDelegate.swift */ = {isa = PBXFileReference; lastKnownFileType = sourcecode.swift; path = AppDelegate.swift; sourceTree = "<group>"; };
		88EFF3101E53D9F0003E1610 /* ViewController.swift */ = {isa = PBXFileReference; lastKnownFileType = sourcecode.swift; path = ViewController.swift; sourceTree = "<group>"; };
		88EFF3131E53D9F0003E1610 /* Base */ = {isa = PBXFileReference; lastKnownFileType = file.storyboard; name = Base; path = Base.lproj/Main.storyboard; sourceTree = "<group>"; };
		88EFF3151E53D9F0003E1610 /* Assets.xcassets */ = {isa = PBXFileReference; lastKnownFileType = folder.assetcatalog; path = Assets.xcassets; sourceTree = "<group>"; };
		88EFF3181E53D9F0003E1610 /* Base */ = {isa = PBXFileReference; lastKnownFileType = file.storyboard; name = Base; path = Base.lproj/LaunchScreen.storyboard; sourceTree = "<group>"; };
		88EFF31A1E53D9F0003E1610 /* Info.plist */ = {isa = PBXFileReference; lastKnownFileType = text.plist.xml; path = Info.plist; sourceTree = "<group>"; };
		88EFF3201E53DDA7003E1610 /* GroceryItem.swift */ = {isa = PBXFileReference; fileEncoding = 4; lastKnownFileType = sourcecode.swift; path = GroceryItem.swift; sourceTree = "<group>"; };
		88EFF3221E53E883003E1610 /* EditGroceryItemViewController.swift */ = {isa = PBXFileReference; fileEncoding = 4; lastKnownFileType = sourcecode.swift; path = EditGroceryItemViewController.swift; sourceTree = "<group>"; };
		CDCE3D448A71DADD69FC3678 /* Pods-Groceries.debug.xcconfig */ = {isa = PBXFileReference; includeInIndex = 1; lastKnownFileType = text.xcconfig; name = "Pods-Groceries.debug.xcconfig"; path = "Pods/Target Support Files/Pods-Groceries/Pods-Groceries.debug.xcconfig"; sourceTree = "<group>"; };
		F82DB426299F324C157C0C64 /* Pods-Groceries.release.xcconfig */ = {isa = PBXFileReference; includeInIndex = 1; lastKnownFileType = text.xcconfig; name = "Pods-Groceries.release.xcconfig"; path = "Pods/Target Support Files/Pods-Groceries/Pods-Groceries.release.xcconfig"; sourceTree = "<group>"; };
/* End PBXFileReference section */

/* Begin PBXFrameworksBuildPhase section */
		88EFF3081E53D9F0003E1610 /* Frameworks */ = {
			isa = PBXFrameworksBuildPhase;
			buildActionMask = 2147483647;
			files = (
				74C322D5207FBB6A82B2638F /* Pods_Groceries.framework in Frameworks */,
			);
			runOnlyForDeploymentPostprocessing = 0;
		};
/* End PBXFrameworksBuildPhase section */

/* Begin PBXGroup section */
		76AEA360F639E5C4E591741D /* Pods */ = {
			isa = PBXGroup;
			children = (
				CDCE3D448A71DADD69FC3678 /* Pods-Groceries.debug.xcconfig */,
				F82DB426299F324C157C0C64 /* Pods-Groceries.release.xcconfig */,
			);
			name = Pods;
			sourceTree = "<group>";
		};
		88EFF3021E53D9F0003E1610 = {
			isa = PBXGroup;
			children = (
				88EFF30D1E53D9F0003E1610 /* Groceries */,
				88EFF30C1E53D9F0003E1610 /* Products */,
				76AEA360F639E5C4E591741D /* Pods */,
				E77F63D0782C326BB4C4055E /* Frameworks */,
			);
			sourceTree = "<group>";
		};
		88EFF30C1E53D9F0003E1610 /* Products */ = {
			isa = PBXGroup;
			children = (
				88EFF30B1E53D9F0003E1610 /* Groceries.app */,
			);
			name = Products;
			sourceTree = "<group>";
		};
		88EFF30D1E53D9F0003E1610 /* Groceries */ = {
			isa = PBXGroup;
			children = (
				88EFF30E1E53D9F0003E1610 /* AppDelegate.swift */,
				88EFF3101E53D9F0003E1610 /* ViewController.swift */,
				88EFF3201E53DDA7003E1610 /* GroceryItem.swift */,
				88EFF3121E53D9F0003E1610 /* Main.storyboard */,
				88EFF3221E53E883003E1610 /* EditGroceryItemViewController.swift */,
				88EFF3151E53D9F0003E1610 /* Assets.xcassets */,
				88EFF3171E53D9F0003E1610 /* LaunchScreen.storyboard */,
				88EFF31A1E53D9F0003E1610 /* Info.plist */,
			);
			path = Groceries;
			sourceTree = "<group>";
		};
		E77F63D0782C326BB4C4055E /* Frameworks */ = {
			isa = PBXGroup;
			children = (
				84D7B64F872AA4B46D163E74 /* Pods_Groceries.framework */,
			);
			name = Frameworks;
			sourceTree = "<group>";
		};
/* End PBXGroup section */

/* Begin PBXNativeTarget section */
		88EFF30A1E53D9F0003E1610 /* Groceries */ = {
			isa = PBXNativeTarget;
			buildConfigurationList = 88EFF31D1E53D9F0003E1610 /* Build configuration list for PBXNativeTarget "Groceries" */;
			buildPhases = (
				15452CAF899443F1498048ED /* [CP] Check Pods Manifest.lock */,
				88EFF3071E53D9F0003E1610 /* Sources */,
				88EFF3081E53D9F0003E1610 /* Frameworks */,
				88EFF3091E53D9F0003E1610 /* Resources */,
				853C7E293C803FA360D57954 /* [CP] Embed Pods Frameworks */,
				B33148E7387FF9E77AF14260 /* [CP] Copy Pods Resources */,
			);
			buildRules = (
			);
			dependencies = (
			);
			name = Groceries;
			productName = Groceries;
			productReference = 88EFF30B1E53D9F0003E1610 /* Groceries.app */;
			productType = "com.apple.product-type.application";
		};
/* End PBXNativeTarget section */

/* Begin PBXProject section */
		88EFF3031E53D9F0003E1610 /* Project object */ = {
			isa = PBXProject;
			attributes = {
				LastSwiftUpdateCheck = 0820;
				LastUpgradeCheck = 0820;
				ORGANIZATIONNAME = MAD;
				TargetAttributes = {
					88EFF30A1E53D9F0003E1610 = {
						CreatedOnToolsVersion = 8.2.1;
						ProvisioningStyle = Automatic;
					};
				};
			};
			buildConfigurationList = 88EFF3061E53D9F0003E1610 /* Build configuration list for PBXProject "Groceries" */;
			compatibilityVersion = "Xcode 3.2";
			developmentRegion = English;
			hasScannedForEncodings = 0;
			knownRegions = (
				en,
				Base,
			);
			mainGroup = 88EFF3021E53D9F0003E1610;
			productRefGroup = 88EFF30C1E53D9F0003E1610 /* Products */;
			projectDirPath = "";
			projectRoot = "";
			targets = (
				88EFF30A1E53D9F0003E1610 /* Groceries */,
			);
		};
/* End PBXProject section */

/* Begin PBXResourcesBuildPhase section */
		88EFF3091E53D9F0003E1610 /* Resources */ = {
			isa = PBXResourcesBuildPhase;
			buildActionMask = 2147483647;
			files = (
				88EFF3191E53D9F0003E1610 /* LaunchScreen.storyboard in Resources */,
				88EFF3161E53D9F0003E1610 /* Assets.xcassets in Resources */,
				88EFF3141E53D9F0003E1610 /* Main.storyboard in Resources */,
			);
			runOnlyForDeploymentPostprocessing = 0;
		};
/* End PBXResourcesBuildPhase section */

/* Begin PBXShellScriptBuildPhase section */
		15452CAF899443F1498048ED /* [CP] Check Pods Manifest.lock */ = {
			isa = PBXShellScriptBuildPhase;
			buildActionMask = 2147483647;
			files = (
			);
			inputPaths = (
			);
			name = "[CP] Check Pods Manifest.lock";
			outputPaths = (
			);
			runOnlyForDeploymentPostprocessing = 0;
			shellPath = /bin/sh;
			shellScript = "diff \"${PODS_ROOT}/../Podfile.lock\" \"${PODS_ROOT}/Manifest.lock\" > /dev/null\nif [ $? != 0 ] ; then\n    # print error to STDERR\n    echo \"error: The sandbox is not in sync with the Podfile.lock. Run 'pod install' or update your CocoaPods installation.\" >&2\n    exit 1\nfi\n";
			showEnvVarsInLog = 0;
		};
		853C7E293C803FA360D57954 /* [CP] Embed Pods Frameworks */ = {
			isa = PBXShellScriptBuildPhase;
			buildActionMask = 2147483647;
			files = (
			);
			inputPaths = (
			);
			name = "[CP] Embed Pods Frameworks";
			outputPaths = (
			);
			runOnlyForDeploymentPostprocessing = 0;
			shellPath = /bin/sh;
			shellScript = "\"${SRCROOT}/Pods/Target Support Files/Pods-Groceries/Pods-Groceries-frameworks.sh\"\n";
			showEnvVarsInLog = 0;
		};
		B33148E7387FF9E77AF14260 /* [CP] Copy Pods Resources */ = {
			isa = PBXShellScriptBuildPhase;
			buildActionMask = 2147483647;
			files = (
			);
			inputPaths = (
			);
			name = "[CP] Copy Pods Resources";
			outputPaths = (
			);
			runOnlyForDeploymentPostprocessing = 0;
			shellPath = /bin/sh;
			shellScript = "\"${SRCROOT}/Pods/Target Support Files/Pods-Groceries/Pods-Groceries-resources.sh\"\n";
			showEnvVarsInLog = 0;
		};
/* End PBXShellScriptBuildPhase section */

/* Begin PBXSourcesBuildPhase section */
		88EFF3071E53D9F0003E1610 /* Sources */ = {
			isa = PBXSourcesBuildPhase;
			buildActionMask = 2147483647;
			files = (
				88EFF3111E53D9F0003E1610 /* ViewController.swift in Sources */,
				88EFF3231E53E883003E1610 /* EditGroceryItemViewController.swift in Sources */,
				88EFF3211E53DDA7003E1610 /* GroceryItem.swift in Sources */,
				88EFF30F1E53D9F0003E1610 /* AppDelegate.swift in Sources */,
			);
			runOnlyForDeploymentPostprocessing = 0;
		};
/* End PBXSourcesBuildPhase section */

/* Begin PBXVariantGroup section */
		88EFF3121E53D9F0003E1610 /* Main.storyboard */ = {
			isa = PBXVariantGroup;
			children = (
				88EFF3131E53D9F0003E1610 /* Base */,
			);
			name = Main.storyboard;
			sourceTree = "<group>";
		};
		88EFF3171E53D9F0003E1610 /* LaunchScreen.storyboard */ = {
			isa = PBXVariantGroup;
			children = (
				88EFF3181E53D9F0003E1610 /* Base */,
			);
			name = LaunchScreen.storyboard;
			sourceTree = "<group>";
		};
/* End PBXVariantGroup section */

/* Begin XCBuildConfiguration section */
		88EFF31B1E53D9F0003E1610 /* Debug */ = {
			isa = XCBuildConfiguration;
			buildSettings = {
				ALWAYS_SEARCH_USER_PATHS = NO;
				CLANG_ANALYZER_NONNULL = YES;
				CLANG_CXX_LANGUAGE_STANDARD = "gnu++0x";
				CLANG_CXX_LIBRARY = "libc++";
				CLANG_ENABLE_MODULES = YES;
				CLANG_ENABLE_OBJC_ARC = YES;
				CLANG_WARN_BOOL_CONVERSION = YES;
				CLANG_WARN_CONSTANT_CONVERSION = YES;
				CLANG_WARN_DIRECT_OBJC_ISA_USAGE = YES_ERROR;
				CLANG_WARN_DOCUMENTATION_COMMENTS = YES;
				CLANG_WARN_EMPTY_BODY = YES;
				CLANG_WARN_ENUM_CONVERSION = YES;
				CLANG_WARN_INFINITE_RECURSION = YES;
				CLANG_WARN_INT_CONVERSION = YES;
				CLANG_WARN_OBJC_ROOT_CLASS = YES_ERROR;
				CLANG_WARN_SUSPICIOUS_MOVE = YES;
				CLANG_WARN_UNREACHABLE_CODE = YES;
				CLANG_WARN__DUPLICATE_METHOD_MATCH = YES;
				"CODE_SIGN_IDENTITY[sdk=iphoneos*]" = "iPhone Developer";
				COPY_PHASE_STRIP = NO;
				DEBUG_INFORMATION_FORMAT = dwarf;
				ENABLE_STRICT_OBJC_MSGSEND = YES;
				ENABLE_TESTABILITY = YES;
				GCC_C_LANGUAGE_STANDARD = gnu99;
				GCC_DYNAMIC_NO_PIC = NO;
				GCC_NO_COMMON_BLOCKS = YES;
				GCC_OPTIMIZATION_LEVEL = 0;
				GCC_PREPROCESSOR_DEFINITIONS = (
					"DEBUG=1",
					"$(inherited)",
				);
				GCC_WARN_64_TO_32_BIT_CONVERSION = YES;
				GCC_WARN_ABOUT_RETURN_TYPE = YES_ERROR;
				GCC_WARN_UNDECLARED_SELECTOR = YES;
				GCC_WARN_UNINITIALIZED_AUTOS = YES_AGGRESSIVE;
				GCC_WARN_UNUSED_FUNCTION = YES;
				GCC_WARN_UNUSED_VARIABLE = YES;
				IPHONEOS_DEPLOYMENT_TARGET = 10.2;
				MTL_ENABLE_DEBUG_INFO = YES;
				ONLY_ACTIVE_ARCH = YES;
				SDKROOT = iphoneos;
				SWIFT_ACTIVE_COMPILATION_CONDITIONS = DEBUG;
				SWIFT_OPTIMIZATION_LEVEL = "-Onone";
			};
			name = Debug;
		};
		88EFF31C1E53D9F0003E1610 /* Release */ = {
			isa = XCBuildConfiguration;
			buildSettings = {
				ALWAYS_SEARCH_USER_PATHS = NO;
				CLANG_ANALYZER_NONNULL = YES;
				CLANG_CXX_LANGUAGE_STANDARD = "gnu++0x";
				CLANG_CXX_LIBRARY = "libc++";
				CLANG_ENABLE_MODULES = YES;
				CLANG_ENABLE_OBJC_ARC = YES;
				CLANG_WARN_BOOL_CONVERSION = YES;
				CLANG_WARN_CONSTANT_CONVERSION = YES;
				CLANG_WARN_DIRECT_OBJC_ISA_USAGE = YES_ERROR;
				CLANG_WARN_DOCUMENTATION_COMMENTS = YES;
				CLANG_WARN_EMPTY_BODY = YES;
				CLANG_WARN_ENUM_CONVERSION = YES;
				CLANG_WARN_INFINITE_RECURSION = YES;
				CLANG_WARN_INT_CONVERSION = YES;
				CLANG_WARN_OBJC_ROOT_CLASS = YES_ERROR;
				CLANG_WARN_SUSPICIOUS_MOVE = YES;
				CLANG_WARN_UNREACHABLE_CODE = YES;
				CLANG_WARN__DUPLICATE_METHOD_MATCH = YES;
				"CODE_SIGN_IDENTITY[sdk=iphoneos*]" = "iPhone Developer";
				COPY_PHASE_STRIP = NO;
				DEBUG_INFORMATION_FORMAT = "dwarf-with-dsym";
				ENABLE_NS_ASSERTIONS = NO;
				ENABLE_STRICT_OBJC_MSGSEND = YES;
				GCC_C_LANGUAGE_STANDARD = gnu99;
				GCC_NO_COMMON_BLOCKS = YES;
				GCC_WARN_64_TO_32_BIT_CONVERSION = YES;
				GCC_WARN_ABOUT_RETURN_TYPE = YES_ERROR;
				GCC_WARN_UNDECLARED_SELECTOR = YES;
				GCC_WARN_UNINITIALIZED_AUTOS = YES_AGGRESSIVE;
				GCC_WARN_UNUSED_FUNCTION = YES;
				GCC_WARN_UNUSED_VARIABLE = YES;
				IPHONEOS_DEPLOYMENT_TARGET = 10.2;
				MTL_ENABLE_DEBUG_INFO = NO;
				SDKROOT = iphoneos;
				SWIFT_OPTIMIZATION_LEVEL = "-Owholemodule";
				VALIDATE_PRODUCT = YES;
			};
			name = Release;
		};
		88EFF31E1E53D9F0003E1610 /* Debug */ = {
			isa = XCBuildConfiguration;
			baseConfigurationReference = CDCE3D448A71DADD69FC3678 /* Pods-Groceries.debug.xcconfig */;
			buildSettings = {
				ASSETCATALOG_COMPILER_APPICON_NAME = AppIcon;
				INFOPLIST_FILE = Groceries/Info.plist;
				LD_RUNPATH_SEARCH_PATHS = "$(inherited) @executable_path/Frameworks";
				PRODUCT_BUNDLE_IDENTIFIER = com.mad.Groceries;
				PRODUCT_NAME = "$(TARGET_NAME)";
				SWIFT_VERSION = 3.0;
			};
			name = Debug;
		};
		88EFF31F1E53D9F0003E1610 /* Release */ = {
			isa = XCBuildConfiguration;
			baseConfigurationReference = F82DB426299F324C157C0C64 /* Pods-Groceries.release.xcconfig */;
			buildSettings = {
				ASSETCATALOG_COMPILER_APPICON_NAME = AppIcon;
				INFOPLIST_FILE = Groceries/Info.plist;
				LD_RUNPATH_SEARCH_PATHS = "$(inherited) @executable_path/Frameworks";
				PRODUCT_BUNDLE_IDENTIFIER = com.mad.Groceries;
				PRODUCT_NAME = "$(TARGET_NAME)";
				SWIFT_VERSION = 3.0;
			};
			name = Release;
		};
/* End XCBuildConfiguration section */

/* Begin XCConfigurationList section */
		88EFF3061E53D9F0003E1610 /* Build configuration list for PBXProject "Groceries" */ = {
			isa = XCConfigurationList;
			buildConfigurations = (
				88EFF31B1E53D9F0003E1610 /* Debug */,
				88EFF31C1E53D9F0003E1610 /* Release */,
			);
			defaultConfigurationIsVisible = 0;
			defaultConfigurationName = Release;
		};
		88EFF31D1E53D9F0003E1610 /* Build configuration list for PBXNativeTarget "Groceries" */ = {
			isa = XCConfigurationList;
			buildConfigurations = (
				88EFF31E1E53D9F0003E1610 /* Debug */,
				88EFF31F1E53D9F0003E1610 /* Release */,
			);
			defaultConfigurationIsVisible = 0;
		};
/* End XCConfigurationList section */
	};
	rootObject = 88EFF3031E53D9F0003E1610 /* Project object */;
}
